
Microsoft Visual Studio Solution File, Format Version 12.00
# Visual Studio Version 17
VisualStudioVersion = 17.11.35327.3
MinimumVisualStudioVersion = 10.0.40219.1
Project("{FAE04EC0-301F-11D3-BF4B-00C04F79EFBC}") = "SOLID", "SOLID\SOLID.csproj", "{73F125B6-EF93-4211-B64B-42A17406B7C4}"
EndProject
Global
	GlobalSection(SolutionConfigurationPlatforms) = preSolution
		Debug|Any CPU = Debug|Any CPU
		Release|Any CPU = Release|Any CPU
	EndGlobalSection
	GlobalSection(ProjectConfigurationPlatforms) = postSolution
		{73F125B6-EF93-4211-B64B-42A17406B7C4}.Debug|Any CPU.ActiveCfg = Debug|Any CPU
		{73F125B6-EF93-4211-B64B-42A17406B7C4}.Debug|Any CPU.Build.0 = Debug|Any CPU
		{73F125B6-EF93-4211-B64B-42A17406B7C4}.Release|Any CPU.ActiveCfg = Release|Any CPU
		{73F125B6-EF93-4211-B64B-42A17406B7C4}.Release|Any CPU.Build.0 = Release|Any CPU
	EndGlobalSection
	GlobalSection(SolutionProperties) = preSolution
		HideSolutionNode = FALSE
	EndGlobalSection
	GlobalSection(ExtensibilityGlobals) = postSolution
		SolutionGuid = {D6B73917-7486-4329-9ACB-9E4B9173C913}
	EndGlobalSection
EndGlobal
