
Microsoft Visual Studio Solution File, Format Version 12.00
# Visual Studio Version 17
VisualStudioVersion = 17.11.35222.181
MinimumVisualStudioVersion = 10.0.40219.1
Project("{9A19103F-16F7-4668-BE54-9A1E7A4F7556}") = "OOP", "OOP\OOP.csproj", "{594CC20F-F18E-43A7-9C16-809DBA31DF40}"
EndProject
Project("{FAE04EC0-301F-11D3-BF4B-00C04F79EFBC}") = "ConsoleBasedApp", "ConsoleBasedApp\ConsoleBasedApp.csproj", "{76FC0C3A-4DEF-4FCB-8E94-63F16DF9792B}"
EndProject
Global
	GlobalSection(SolutionConfigurationPlatforms) = preSolution
		Debug|Any CPU = Debug|Any CPU
		Release|Any CPU = Release|Any CPU
	EndGlobalSection
	GlobalSection(ProjectConfigurationPlatforms) = postSolution
		{594CC20F-F18E-43A7-9C16-809DBA31DF40}.Debug|Any CPU.ActiveCfg = Debug|Any CPU
		{594CC20F-F18E-43A7-9C16-809DBA31DF40}.Debug|Any CPU.Build.0 = Debug|Any CPU
		{594CC20F-F18E-43A7-9C16-809DBA31DF40}.Release|Any CPU.ActiveCfg = Release|Any CPU
		{594CC20F-F18E-43A7-9C16-809DBA31DF40}.Release|Any CPU.Build.0 = Release|Any CPU
		{76FC0C3A-4DEF-4FCB-8E94-63F16DF9792B}.Debug|Any CPU.ActiveCfg = Debug|Any CPU
		{76FC0C3A-4DEF-4FCB-8E94-63F16DF9792B}.Debug|Any CPU.Build.0 = Debug|Any CPU
		{76FC0C3A-4DEF-4FCB-8E94-63F16DF9792B}.Release|Any CPU.ActiveCfg = Release|Any CPU
		{76FC0C3A-4DEF-4FCB-8E94-63F16DF9792B}.Release|Any CPU.Build.0 = Release|Any CPU
	EndGlobalSection
	GlobalSection(SolutionProperties) = preSolution
		HideSolutionNode = FALSE
	EndGlobalSection
	GlobalSection(ExtensibilityGlobals) = postSolution
		SolutionGuid = {89534689-69D2-4D40-86B4-EC6AB63B8ADD}
	EndGlobalSection
EndGlobal
