
Microsoft Visual Studio Solution File, Format Version 12.00
# Visual Studio Version 17
VisualStudioVersion = 17.0.31903.59
MinimumVisualStudioVersion = 10.0.40219.1
Project("{FAE04EC0-301F-11D3-BF4B-00C04F79EFBC}") = "Hello", "Hello\Hello.csproj", "{CF4F7625-6DC2-4150-B481-E7E280559100}"
EndProject
Project("{FAE04EC0-301F-11D3-BF4B-00C04F79EFBC}") = "Variables", "Variables\Variables.csproj", "{4A6C9572-0C91-45E6-9A62-4850230295BE}"
EndProject
Project("{FAE04EC0-301F-11D3-BF4B-00C04F79EFBC}") = "FormattingString", "FormattingString\FormattingString.csproj", "{2F90029A-144F-4D17-9C76-638CD05DCABD}"
EndProject
Project("{FAE04EC0-301F-11D3-BF4B-00C04F79EFBC}") = "MoreAboutConsole", "MoreAboutConsole\MoreAboutConsole.csproj", "{117EB7D2-E89A-4C3B-B0EB-1F29F2748E81}"
EndProject
Project("{FAE04EC0-301F-11D3-BF4B-00C04F79EFBC}") = "Operators", "Operators\Operators.csproj", "{3E3A1FA3-5921-44E8-8374-9564108AA386}"
EndProject
Project("{FAE04EC0-301F-11D3-BF4B-00C04F79EFBC}") = "SelectionStatements", "SelectionStatements\SelectionStatements.csproj", "{E91DDEB7-1BC0-4B54-A8B6-EED53A330815}"
EndProject
Project("{FAE04EC0-301F-11D3-BF4B-00C04F79EFBC}") = "IterationStatements", "IterationStatements\IterationStatements.csproj", "{A985539D-F6D9-4C86-90FE-A7D79302FFE7}"
EndProject
Project("{FAE04EC0-301F-11D3-BF4B-00C04F79EFBC}") = "Arrays", "Arrays\Arrays.csproj", "{E9784D47-9765-41CE-851A-2E3EC9C60B14}"
EndProject
Project("{FAE04EC0-301F-11D3-BF4B-00C04F79EFBC}") = "CastingConverting", "CastingConverting\CastingConverting.csproj", "{B51BCEBA-8E64-43D0-A5FF-380C231FF3D9}"
EndProject
Project("{FAE04EC0-301F-11D3-BF4B-00C04F79EFBC}") = "HandlingExceptions", "HandlingExceptions\HandlingExceptions.csproj", "{5E32C9EB-1880-4654-AD08-CE17806413CA}"
EndProject
Project("{FAE04EC0-301F-11D3-BF4B-00C04F79EFBC}") = "Overflow", "Overflow\Overflow.csproj", "{1474D194-4CBC-4CD0-8531-E5D616621241}"
EndProject
Project("{FAE04EC0-301F-11D3-BF4B-00C04F79EFBC}") = "TopLevelFunctions", "TopLevelFunctions\TopLevelFunctions.csproj", "{3E9CD885-CC02-40E3-9C03-522F6FA9DB3B}"
EndProject
Project("{FAE04EC0-301F-11D3-BF4B-00C04F79EFBC}") = "WritingFunctions", "WritingFunctions\WritingFunctions.csproj", "{8135D95D-72D3-48DB-A7DF-CFD4FB4810E5}"
EndProject
Project("{FAE04EC0-301F-11D3-BF4B-00C04F79EFBC}") = "CalculatorLib", "CalculatorLib\CalculatorLib.csproj", "{E723874F-4E8A-4673-A565-1779E9572B9E}"
EndProject
Project("{FAE04EC0-301F-11D3-BF4B-00C04F79EFBC}") = "CalculatorLibUnitTests", "CalculatorLibUnitTests\CalculatorLibUnitTests.csproj", "{72586F7B-6481-4C82-B24B-E76A5ED4B4CA}"
EndProject
Project("{FAE04EC0-301F-11D3-BF4B-00C04F79EFBC}") = "CallStackExceptionHandlingLib", "CallStackExceptionHandlingLib\CallStackExceptionHandlingLib.csproj", "{6539365F-DBEF-42A0-ADC1-2930AAB6DE0A}"
EndProject
Project("{FAE04EC0-301F-11D3-BF4B-00C04F79EFBC}") = "CallStackExceptionHandling", "CallStackExceptionHandling\CallStackExceptionHandling.csproj", "{AB7C5758-A520-436C-8D26-A5105288D9F3}"
EndProject
Global
	GlobalSection(SolutionConfigurationPlatforms) = preSolution
		Debug|Any CPU = Debug|Any CPU
		Release|Any CPU = Release|Any CPU
	EndGlobalSection
	GlobalSection(SolutionProperties) = preSolution
		HideSolutionNode = FALSE
	EndGlobalSection
	GlobalSection(ProjectConfigurationPlatforms) = postSolution
		{CF4F7625-6DC2-4150-B481-E7E280559100}.Debug|Any CPU.ActiveCfg = Debug|Any CPU
		{CF4F7625-6DC2-4150-B481-E7E280559100}.Debug|Any CPU.Build.0 = Debug|Any CPU
		{CF4F7625-6DC2-4150-B481-E7E280559100}.Release|Any CPU.ActiveCfg = Release|Any CPU
		{CF4F7625-6DC2-4150-B481-E7E280559100}.Release|Any CPU.Build.0 = Release|Any CPU
		{4A6C9572-0C91-45E6-9A62-4850230295BE}.Debug|Any CPU.ActiveCfg = Debug|Any CPU
		{4A6C9572-0C91-45E6-9A62-4850230295BE}.Debug|Any CPU.Build.0 = Debug|Any CPU
		{4A6C9572-0C91-45E6-9A62-4850230295BE}.Release|Any CPU.ActiveCfg = Release|Any CPU
		{4A6C9572-0C91-45E6-9A62-4850230295BE}.Release|Any CPU.Build.0 = Release|Any CPU
		{2F90029A-144F-4D17-9C76-638CD05DCABD}.Debug|Any CPU.ActiveCfg = Debug|Any CPU
		{2F90029A-144F-4D17-9C76-638CD05DCABD}.Debug|Any CPU.Build.0 = Debug|Any CPU
		{2F90029A-144F-4D17-9C76-638CD05DCABD}.Release|Any CPU.ActiveCfg = Release|Any CPU
		{2F90029A-144F-4D17-9C76-638CD05DCABD}.Release|Any CPU.Build.0 = Release|Any CPU
		{117EB7D2-E89A-4C3B-B0EB-1F29F2748E81}.Debug|Any CPU.ActiveCfg = Debug|Any CPU
		{117EB7D2-E89A-4C3B-B0EB-1F29F2748E81}.Debug|Any CPU.Build.0 = Debug|Any CPU
		{117EB7D2-E89A-4C3B-B0EB-1F29F2748E81}.Release|Any CPU.ActiveCfg = Release|Any CPU
		{117EB7D2-E89A-4C3B-B0EB-1F29F2748E81}.Release|Any CPU.Build.0 = Release|Any CPU
		{3E3A1FA3-5921-44E8-8374-9564108AA386}.Debug|Any CPU.ActiveCfg = Debug|Any CPU
		{3E3A1FA3-5921-44E8-8374-9564108AA386}.Debug|Any CPU.Build.0 = Debug|Any CPU
		{3E3A1FA3-5921-44E8-8374-9564108AA386}.Release|Any CPU.ActiveCfg = Release|Any CPU
		{3E3A1FA3-5921-44E8-8374-9564108AA386}.Release|Any CPU.Build.0 = Release|Any CPU
		{E91DDEB7-1BC0-4B54-A8B6-EED53A330815}.Debug|Any CPU.ActiveCfg = Debug|Any CPU
		{E91DDEB7-1BC0-4B54-A8B6-EED53A330815}.Debug|Any CPU.Build.0 = Debug|Any CPU
		{E91DDEB7-1BC0-4B54-A8B6-EED53A330815}.Release|Any CPU.ActiveCfg = Release|Any CPU
		{E91DDEB7-1BC0-4B54-A8B6-EED53A330815}.Release|Any CPU.Build.0 = Release|Any CPU
		{A985539D-F6D9-4C86-90FE-A7D79302FFE7}.Debug|Any CPU.ActiveCfg = Debug|Any CPU
		{A985539D-F6D9-4C86-90FE-A7D79302FFE7}.Debug|Any CPU.Build.0 = Debug|Any CPU
		{A985539D-F6D9-4C86-90FE-A7D79302FFE7}.Release|Any CPU.ActiveCfg = Release|Any CPU
		{A985539D-F6D9-4C86-90FE-A7D79302FFE7}.Release|Any CPU.Build.0 = Release|Any CPU
		{E9784D47-9765-41CE-851A-2E3EC9C60B14}.Debug|Any CPU.ActiveCfg = Debug|Any CPU
		{E9784D47-9765-41CE-851A-2E3EC9C60B14}.Debug|Any CPU.Build.0 = Debug|Any CPU
		{E9784D47-9765-41CE-851A-2E3EC9C60B14}.Release|Any CPU.ActiveCfg = Release|Any CPU
		{E9784D47-9765-41CE-851A-2E3EC9C60B14}.Release|Any CPU.Build.0 = Release|Any CPU
		{B51BCEBA-8E64-43D0-A5FF-380C231FF3D9}.Debug|Any CPU.ActiveCfg = Debug|Any CPU
		{B51BCEBA-8E64-43D0-A5FF-380C231FF3D9}.Debug|Any CPU.Build.0 = Debug|Any CPU
		{B51BCEBA-8E64-43D0-A5FF-380C231FF3D9}.Release|Any CPU.ActiveCfg = Release|Any CPU
		{B51BCEBA-8E64-43D0-A5FF-380C231FF3D9}.Release|Any CPU.Build.0 = Release|Any CPU
		{5E32C9EB-1880-4654-AD08-CE17806413CA}.Debug|Any CPU.ActiveCfg = Debug|Any CPU
		{5E32C9EB-1880-4654-AD08-CE17806413CA}.Debug|Any CPU.Build.0 = Debug|Any CPU
		{5E32C9EB-1880-4654-AD08-CE17806413CA}.Release|Any CPU.ActiveCfg = Release|Any CPU
		{5E32C9EB-1880-4654-AD08-CE17806413CA}.Release|Any CPU.Build.0 = Release|Any CPU
		{1474D194-4CBC-4CD0-8531-E5D616621241}.Debug|Any CPU.ActiveCfg = Debug|Any CPU
		{1474D194-4CBC-4CD0-8531-E5D616621241}.Debug|Any CPU.Build.0 = Debug|Any CPU
		{1474D194-4CBC-4CD0-8531-E5D616621241}.Release|Any CPU.ActiveCfg = Release|Any CPU
		{1474D194-4CBC-4CD0-8531-E5D616621241}.Release|Any CPU.Build.0 = Release|Any CPU
		{3E9CD885-CC02-40E3-9C03-522F6FA9DB3B}.Debug|Any CPU.ActiveCfg = Debug|Any CPU
		{3E9CD885-CC02-40E3-9C03-522F6FA9DB3B}.Debug|Any CPU.Build.0 = Debug|Any CPU
		{3E9CD885-CC02-40E3-9C03-522F6FA9DB3B}.Release|Any CPU.ActiveCfg = Release|Any CPU
		{3E9CD885-CC02-40E3-9C03-522F6FA9DB3B}.Release|Any CPU.Build.0 = Release|Any CPU
		{8135D95D-72D3-48DB-A7DF-CFD4FB4810E5}.Debug|Any CPU.ActiveCfg = Debug|Any CPU
		{8135D95D-72D3-48DB-A7DF-CFD4FB4810E5}.Debug|Any CPU.Build.0 = Debug|Any CPU
		{8135D95D-72D3-48DB-A7DF-CFD4FB4810E5}.Release|Any CPU.ActiveCfg = Release|Any CPU
		{8135D95D-72D3-48DB-A7DF-CFD4FB4810E5}.Release|Any CPU.Build.0 = Release|Any CPU
		{E723874F-4E8A-4673-A565-1779E9572B9E}.Debug|Any CPU.ActiveCfg = Debug|Any CPU
		{E723874F-4E8A-4673-A565-1779E9572B9E}.Debug|Any CPU.Build.0 = Debug|Any CPU
		{E723874F-4E8A-4673-A565-1779E9572B9E}.Release|Any CPU.ActiveCfg = Release|Any CPU
		{E723874F-4E8A-4673-A565-1779E9572B9E}.Release|Any CPU.Build.0 = Release|Any CPU
		{72586F7B-6481-4C82-B24B-E76A5ED4B4CA}.Debug|Any CPU.ActiveCfg = Debug|Any CPU
		{72586F7B-6481-4C82-B24B-E76A5ED4B4CA}.Debug|Any CPU.Build.0 = Debug|Any CPU
		{72586F7B-6481-4C82-B24B-E76A5ED4B4CA}.Release|Any CPU.ActiveCfg = Release|Any CPU
		{72586F7B-6481-4C82-B24B-E76A5ED4B4CA}.Release|Any CPU.Build.0 = Release|Any CPU
		{6539365F-DBEF-42A0-ADC1-2930AAB6DE0A}.Debug|Any CPU.ActiveCfg = Debug|Any CPU
		{6539365F-DBEF-42A0-ADC1-2930AAB6DE0A}.Debug|Any CPU.Build.0 = Debug|Any CPU
		{6539365F-DBEF-42A0-ADC1-2930AAB6DE0A}.Release|Any CPU.ActiveCfg = Release|Any CPU
		{6539365F-DBEF-42A0-ADC1-2930AAB6DE0A}.Release|Any CPU.Build.0 = Release|Any CPU
		{AB7C5758-A520-436C-8D26-A5105288D9F3}.Debug|Any CPU.ActiveCfg = Debug|Any CPU
		{AB7C5758-A520-436C-8D26-A5105288D9F3}.Debug|Any CPU.Build.0 = Debug|Any CPU
		{AB7C5758-A520-436C-8D26-A5105288D9F3}.Release|Any CPU.ActiveCfg = Release|Any CPU
		{AB7C5758-A520-436C-8D26-A5105288D9F3}.Release|Any CPU.Build.0 = Release|Any CPU
	EndGlobalSection
EndGlobal
